
Microsoft Visual Studio Solution File, Format Version 12.00
# Visual Studio 15
Project("{FAE04EC0-301F-11D3-BF4B-00C04F79EFBC}") = "Assembly-CSharp", "Assembly-CSharp.csproj", "{539D7179-B214-5A45-E714-287D733E6837}"
EndProject
Project("{FAE04EC0-301F-11D3-BF4B-00C04F79EFBC}") = "SteamVR", "SteamVR.csproj", "{4741AB2B-0A3F-BFF9-F9A1-55B341E27C0B}"
EndProject
Project("{FAE04EC0-301F-11D3-BF4B-00C04F79EFBC}") = "Oculus.VR", "Oculus.VR.csproj", "{C8B28702-062D-2D75-A3E9-C57F6853D403}"
EndProject
Project("{FAE04EC0-301F-11D3-BF4B-00C04F79EFBC}") = "SteamVR_Editor", "SteamVR_Editor.csproj", "{32DC0991-223E-DE24-81EE-5A6161617F1E}"
EndProject
Project("{FAE04EC0-301F-11D3-BF4B-00C04F79EFBC}") = "Assembly-CSharp-Editor", "Assembly-CSharp-Editor.csproj", "{C9C8356C-E2ED-B98B-AC99-943C7E89B604}"
EndProject
Project("{FAE04EC0-301F-11D3-BF4B-00C04F79EFBC}") = "Oculus.VR.Scripts.Editor", "Oculus.VR.Scripts.Editor.csproj", "{231D5C36-4A9C-FEB6-663A-E4E1A6900333}"
EndProject
Project("{FAE04EC0-301F-11D3-BF4B-00C04F79EFBC}") = "Oculus.VR.Editor", "Oculus.VR.Editor.csproj", "{A75E9615-3A3B-48FA-40E0-A2CCCD48955F}"
EndProject
Project("{FAE04EC0-301F-11D3-BF4B-00C04F79EFBC}") = "SteamVR_Input_Editor", "SteamVR_Input_Editor.csproj", "{09103DE2-917A-9DDF-BD95-B81C8B84E108}"
EndProject
Project("{FAE04EC0-301F-11D3-BF4B-00C04F79EFBC}") = "SteamVR_Windows_EditorHelper", "SteamVR_Windows_EditorHelper.csproj", "{C301F8FD-EC5B-3403-245B-9AF71E94DA9B}"
EndProject
Global
	GlobalSection(SolutionConfigurationPlatforms) = preSolution
		Debug|Any CPU = Debug|Any CPU
		Release|Any CPU = Release|Any CPU
	EndGlobalSection
	GlobalSection(ProjectConfigurationPlatforms) = postSolution
		{539D7179-B214-5A45-E714-287D733E6837}.Debug|Any CPU.ActiveCfg = Debug|Any CPU
		{539D7179-B214-5A45-E714-287D733E6837}.Debug|Any CPU.Build.0 = Debug|Any CPU
		{539D7179-B214-5A45-E714-287D733E6837}.Release|Any CPU.ActiveCfg = Release|Any CPU
		{539D7179-B214-5A45-E714-287D733E6837}.Release|Any CPU.Build.0 = Release|Any CPU
		{4741AB2B-0A3F-BFF9-F9A1-55B341E27C0B}.Debug|Any CPU.ActiveCfg = Debug|Any CPU
		{4741AB2B-0A3F-BFF9-F9A1-55B341E27C0B}.Debug|Any CPU.Build.0 = Debug|Any CPU
		{4741AB2B-0A3F-BFF9-F9A1-55B341E27C0B}.Release|Any CPU.ActiveCfg = Release|Any CPU
		{4741AB2B-0A3F-BFF9-F9A1-55B341E27C0B}.Release|Any CPU.Build.0 = Release|Any CPU
		{C8B28702-062D-2D75-A3E9-C57F6853D403}.Debug|Any CPU.ActiveCfg = Debug|Any CPU
		{C8B28702-062D-2D75-A3E9-C57F6853D403}.Debug|Any CPU.Build.0 = Debug|Any CPU
		{C8B28702-062D-2D75-A3E9-C57F6853D403}.Release|Any CPU.ActiveCfg = Release|Any CPU
		{C8B28702-062D-2D75-A3E9-C57F6853D403}.Release|Any CPU.Build.0 = Release|Any CPU
		{32DC0991-223E-DE24-81EE-5A6161617F1E}.Debug|Any CPU.ActiveCfg = Debug|Any CPU
		{32DC0991-223E-DE24-81EE-5A6161617F1E}.Debug|Any CPU.Build.0 = Debug|Any CPU
		{32DC0991-223E-DE24-81EE-5A6161617F1E}.Release|Any CPU.ActiveCfg = Release|Any CPU
		{32DC0991-223E-DE24-81EE-5A6161617F1E}.Release|Any CPU.Build.0 = Release|Any CPU
		{C9C8356C-E2ED-B98B-AC99-943C7E89B604}.Debug|Any CPU.ActiveCfg = Debug|Any CPU
		{C9C8356C-E2ED-B98B-AC99-943C7E89B604}.Debug|Any CPU.Build.0 = Debug|Any CPU
		{C9C8356C-E2ED-B98B-AC99-943C7E89B604}.Release|Any CPU.ActiveCfg = Release|Any CPU
		{C9C8356C-E2ED-B98B-AC99-943C7E89B604}.Release|Any CPU.Build.0 = Release|Any CPU
		{231D5C36-4A9C-FEB6-663A-E4E1A6900333}.Debug|Any CPU.ActiveCfg = Debug|Any CPU
		{231D5C36-4A9C-FEB6-663A-E4E1A6900333}.Debug|Any CPU.Build.0 = Debug|Any CPU
		{231D5C36-4A9C-FEB6-663A-E4E1A6900333}.Release|Any CPU.ActiveCfg = Release|Any CPU
		{231D5C36-4A9C-FEB6-663A-E4E1A6900333}.Release|Any CPU.Build.0 = Release|Any CPU
		{A75E9615-3A3B-48FA-40E0-A2CCCD48955F}.Debug|Any CPU.ActiveCfg = Debug|Any CPU
		{A75E9615-3A3B-48FA-40E0-A2CCCD48955F}.Debug|Any CPU.Build.0 = Debug|Any CPU
		{A75E9615-3A3B-48FA-40E0-A2CCCD48955F}.Release|Any CPU.ActiveCfg = Release|Any CPU
		{A75E9615-3A3B-48FA-40E0-A2CCCD48955F}.Release|Any CPU.Build.0 = Release|Any CPU
		{09103DE2-917A-9DDF-BD95-B81C8B84E108}.Debug|Any CPU.ActiveCfg = Debug|Any CPU
		{09103DE2-917A-9DDF-BD95-B81C8B84E108}.Debug|Any CPU.Build.0 = Debug|Any CPU
		{09103DE2-917A-9DDF-BD95-B81C8B84E108}.Release|Any CPU.ActiveCfg = Release|Any CPU
		{09103DE2-917A-9DDF-BD95-B81C8B84E108}.Release|Any CPU.Build.0 = Release|Any CPU
		{C301F8FD-EC5B-3403-245B-9AF71E94DA9B}.Debug|Any CPU.ActiveCfg = Debug|Any CPU
		{C301F8FD-EC5B-3403-245B-9AF71E94DA9B}.Debug|Any CPU.Build.0 = Debug|Any CPU
		{C301F8FD-EC5B-3403-245B-9AF71E94DA9B}.Release|Any CPU.ActiveCfg = Release|Any CPU
		{C301F8FD-EC5B-3403-245B-9AF71E94DA9B}.Release|Any CPU.Build.0 = Release|Any CPU
	EndGlobalSection
	GlobalSection(SolutionProperties) = preSolution
		HideSolutionNode = FALSE
	EndGlobalSection
EndGlobal
